PODS:
  - ARChromeActivity (1.0.2)
  - KINWebBrowser (0.2.6):
    - ARChromeActivity (= 1.0.2)
    - TUSafariActivity (= 1.0.0)
  - TUSafariActivity (1.0.0)

DEPENDENCIES:
  - KINWebBrowser (from `./iFeed/Libs/KINWebBrowser`)

SPEC REPOS:
  trunk:
    - ARChromeActivity
    - TUSafariActivity

EXTERNAL SOURCES:
  KINWebBrowser:
    :path: "./iFeed/Libs/KINWebBrowser"

SPEC CHECKSUMS:
  ARChromeActivity: 6488aedc8dd0624b103ea8caf6218e52692aaf77
  KINWebBrowser: b212734d18011128aa570c6098dbbe403c01fd71
  TUSafariActivity: dd346df54a8f1cbb4fd05d504c76d47225fac99e

PODFILE CHECKSUM: e9f32f5fa5b4362f5e6916691f83e9f07a936684

COCOAPODS: 1.10.0
